
Microsoft Visual Studio Solution File, Format Version 12.00
# Visual Studio Version 17
VisualStudioVersion = 17.9.34728.123
MinimumVisualStudioVersion = 10.0.40219.1
Project("{FAE04EC0-301F-11D3-BF4B-00C04F79EFBC}") = "TecnologiasWebApi", "TecnologiasWebApi\TecnologiasWebApi.csproj", "{C8041CEF-C79C-44EC-BDCF-D9E87705D231}"
EndProject
Global
	GlobalSection(SolutionConfigurationPlatforms) = preSolution
		Debug|Any CPU = Debug|Any CPU
		Release|Any CPU = Release|Any CPU
	EndGlobalSection
	GlobalSection(ProjectConfigurationPlatforms) = postSolution
		{C8041CEF-C79C-44EC-BDCF-D9E87705D231}.Debug|Any CPU.ActiveCfg = Debug|Any CPU
		{C8041CEF-C79C-44EC-BDCF-D9E87705D231}.Debug|Any CPU.Build.0 = Debug|Any CPU
		{C8041CEF-C79C-44EC-BDCF-D9E87705D231}.Release|Any CPU.ActiveCfg = Release|Any CPU
		{C8041CEF-C79C-44EC-BDCF-D9E87705D231}.Release|Any CPU.Build.0 = Release|Any CPU
	EndGlobalSection
	GlobalSection(SolutionProperties) = preSolution
		HideSolutionNode = FALSE
	EndGlobalSection
	GlobalSection(ExtensibilityGlobals) = postSolution
		SolutionGuid = {C9712BA3-5506-47BC-BEEE-EDC9880B394D}
	EndGlobalSection
EndGlobal
